
Microsoft Visual Studio Solution File, Format Version 12.00
# Visual Studio Version 17
VisualStudioVersion = 17.7.34031.279
MinimumVisualStudioVersion = 10.0.40219.1
Project("{FAE04EC0-301F-11D3-BF4B-00C04F79EFBC}") = "GalleryApp", "GalleryApp\GalleryApp.csproj", "{A4D4AB8C-9100-4959-9671-D188065649FB}"
EndProject
Global
	GlobalSection(SolutionConfigurationPlatforms) = preSolution
		Debug|Any CPU = Debug|Any CPU
		Release|Any CPU = Release|Any CPU
	EndGlobalSection
	GlobalSection(ProjectConfigurationPlatforms) = postSolution
		{A4D4AB8C-9100-4959-9671-D188065649FB}.Debug|Any CPU.ActiveCfg = Debug|Any CPU
		{A4D4AB8C-9100-4959-9671-D188065649FB}.Debug|Any CPU.Build.0 = Debug|Any CPU
		{A4D4AB8C-9100-4959-9671-D188065649FB}.Release|Any CPU.ActiveCfg = Release|Any CPU
		{A4D4AB8C-9100-4959-9671-D188065649FB}.Release|Any CPU.Build.0 = Release|Any CPU
	EndGlobalSection
	GlobalSection(SolutionProperties) = preSolution
		HideSolutionNode = FALSE
	EndGlobalSection
	GlobalSection(ExtensibilityGlobals) = postSolution
		SolutionGuid = {B13737CF-F709-42D9-93F2-9C0A1EE2350B}
	EndGlobalSection
EndGlobal
